
Microsoft Visual Studio Solution File, Format Version 12.00
# Visual Studio Version 17
VisualStudioVersion = 17.8.34330.188
MinimumVisualStudioVersion = 10.0.40219.1
Project("{D2ABAB84-BF74-430A-B69E-9DC6D40DDA17}") = "Dim_Supplier", "Dim_Supplier\Dim_Supplier.dwproj", "{6527D7AD-B8E4-44BD-8317-6EA50FF1C570}"
EndProject
Global
	GlobalSection(SolutionConfigurationPlatforms) = preSolution
		Development|Default = Development|Default
	EndGlobalSection
	GlobalSection(ProjectConfigurationPlatforms) = postSolution
		{6527D7AD-B8E4-44BD-8317-6EA50FF1C570}.Development|Default.ActiveCfg = Development
		{6527D7AD-B8E4-44BD-8317-6EA50FF1C570}.Development|Default.Build.0 = Development
		{6527D7AD-B8E4-44BD-8317-6EA50FF1C570}.Development|Default.Deploy.0 = Development
	EndGlobalSection
	GlobalSection(SolutionProperties) = preSolution
		HideSolutionNode = FALSE
	EndGlobalSection
	GlobalSection(ExtensibilityGlobals) = postSolution
		SolutionGuid = {F241D131-A4AF-425A-ADB0-FF6AF4D6E706}
	EndGlobalSection
EndGlobal
